{
  "name": "graphql-server",
  "version": "0.1.0",
  "lockfileVersion": 1,
  "requires": true,
  "dependencies": {
    "cors": {
      "version": "2.8.3",
      "resolved": "https://registry.npmjs.org/cors/-/cors-2.8.3.tgz",
      "integrity": "sha1-TPeOHSMymnSWsvwiJbd8pbteuAI="
    },
    "express": {
      "version": "4.15.3",
      "resolved": "https://registry.npmjs.org/express/-/express-4.15.3.tgz",
      "integrity": "sha1-urZdDwOqgMNYQIly/HAPkWlEtmI="
    },
    "express-graphql": {
      "version": "0.6.6",
      "resolved": "https://registry.npmjs.org/express-graphql/-/express-graphql-0.6.6.tgz",
      "integrity": "sha1-/fXHta9gC475IOQJXgPfx4T5CU0="
    },
    "graphql": {
      "version": "0.10.1",
      "resolved": "https://registry.npmjs.org/graphql/-/graphql-0.10.1.tgz",
      "integrity": "sha1-dck8LOc661uuLu+1Vajp45w2An0="
    },
    "nodemon": {
      "version": "1.11.0",
      "resolved": "https://registry.npmjs.org/nodemon/-/nodemon-1.11.0.tgz",
      "integrity": "sha1-ImxWK9KnsT09dRi0mtSCijYj0Gw="
    },
    "pg-promise": {
      "version": "5.9.3",
      "resolved": "https://registry.npmjs.org/pg-promise/-/pg-promise-5.9.3.tgz",
      "integrity": "sha512-ejYbRjqNsqFkwMxmG1Uy9YvGNOK6phHC0DNWePXOoqWk+hkN5xYIWECr9vhJeRBw6aT6KSlphR3qE2IugsfMMA=="
    }
  }
}
